
Microsoft Visual Studio Solution File, Format Version 12.00
Project("{FAE04EC0-301F-11D3-BF4B-00C04F79EFBC}") = "Feedback.Prompt.Analyzer", "Feedback.Prompt.Analyzer\Feedback.Prompt.Analyzer.csproj", "{719D25AF-B686-4119-AB5D-182F67CFAEB9}"
EndProject
Global
	GlobalSection(SolutionConfigurationPlatforms) = preSolution
		Debug|Any CPU = Debug|Any CPU
		Release|Any CPU = Release|Any CPU
	EndGlobalSection
	GlobalSection(ProjectConfigurationPlatforms) = postSolution
		{719D25AF-B686-4119-AB5D-182F67CFAEB9}.Debug|Any CPU.ActiveCfg = Debug|Any CPU
		{719D25AF-B686-4119-AB5D-182F67CFAEB9}.Debug|Any CPU.Build.0 = Debug|Any CPU
		{719D25AF-B686-4119-AB5D-182F67CFAEB9}.Release|Any CPU.ActiveCfg = Release|Any CPU
		{719D25AF-B686-4119-AB5D-182F67CFAEB9}.Release|Any CPU.Build.0 = Release|Any CPU
	EndGlobalSection
EndGlobal
